
Microsoft Visual Studio Solution File, Format Version 12.00
# Visual Studio Version 17
VisualStudioVersion = 17.7.34202.233
MinimumVisualStudioVersion = 10.0.40219.1
Project("{FAE04EC0-301F-11D3-BF4B-00C04F79EFBC}") = "SimpleInterfaceApp", "SimpleInterfaceApp\SimpleInterfaceApp.csproj", "{A0A6E37B-95D3-4688-9AD7-77D700B94051}"
EndProject
Global
	GlobalSection(SolutionConfigurationPlatforms) = preSolution
		Debug|Any CPU = Debug|Any CPU
		Release|Any CPU = Release|Any CPU
	EndGlobalSection
	GlobalSection(ProjectConfigurationPlatforms) = postSolution
		{A0A6E37B-95D3-4688-9AD7-77D700B94051}.Debug|Any CPU.ActiveCfg = Debug|Any CPU
		{A0A6E37B-95D3-4688-9AD7-77D700B94051}.Debug|Any CPU.Build.0 = Debug|Any CPU
		{A0A6E37B-95D3-4688-9AD7-77D700B94051}.Release|Any CPU.ActiveCfg = Release|Any CPU
		{A0A6E37B-95D3-4688-9AD7-77D700B94051}.Release|Any CPU.Build.0 = Release|Any CPU
	EndGlobalSection
	GlobalSection(SolutionProperties) = preSolution
		HideSolutionNode = FALSE
	EndGlobalSection
	GlobalSection(ExtensibilityGlobals) = postSolution
		SolutionGuid = {812920CF-A26E-47D8-849B-DD0B5747400F}
	EndGlobalSection
EndGlobal
