
Microsoft Visual Studio Solution File, Format Version 12.00
# Visual Studio Version 17
VisualStudioVersion = 17.7.34202.233
MinimumVisualStudioVersion = 10.0.40219.1
Project("{FAE04EC0-301F-11D3-BF4B-00C04F79EFBC}") = "SerializationAndDeserializationApp", "SerializationAndDeserializationApp\SerializationAndDeserializationApp.csproj", "{EEE4B656-DA8E-4C63-B61C-2B4B01E7452F}"
EndProject
Global
	GlobalSection(SolutionConfigurationPlatforms) = preSolution
		Debug|Any CPU = Debug|Any CPU
		Release|Any CPU = Release|Any CPU
	EndGlobalSection
	GlobalSection(ProjectConfigurationPlatforms) = postSolution
		{EEE4B656-DA8E-4C63-B61C-2B4B01E7452F}.Debug|Any CPU.ActiveCfg = Debug|Any CPU
		{EEE4B656-DA8E-4C63-B61C-2B4B01E7452F}.Debug|Any CPU.Build.0 = Debug|Any CPU
		{EEE4B656-DA8E-4C63-B61C-2B4B01E7452F}.Release|Any CPU.ActiveCfg = Release|Any CPU
		{EEE4B656-DA8E-4C63-B61C-2B4B01E7452F}.Release|Any CPU.Build.0 = Release|Any CPU
	EndGlobalSection
	GlobalSection(SolutionProperties) = preSolution
		HideSolutionNode = FALSE
	EndGlobalSection
	GlobalSection(ExtensibilityGlobals) = postSolution
		SolutionGuid = {3BDFAB3A-F2B8-4593-AE7B-6D48BADB1D5E}
	EndGlobalSection
EndGlobal
