
Microsoft Visual Studio Solution File, Format Version 12.00
# Visual Studio Version 17
VisualStudioVersion = 17.7.34202.233
MinimumVisualStudioVersion = 10.0.40219.1
Project("{FAE04EC0-301F-11D3-BF4B-00C04F79EFBC}") = "RectangelAbstractionApp", "RectangelAbstractionApp\RectangelAbstractionApp.csproj", "{DF572611-A5AE-4B7E-9908-5A1499047F77}"
EndProject
Global
	GlobalSection(SolutionConfigurationPlatforms) = preSolution
		Debug|Any CPU = Debug|Any CPU
		Release|Any CPU = Release|Any CPU
	EndGlobalSection
	GlobalSection(ProjectConfigurationPlatforms) = postSolution
		{DF572611-A5AE-4B7E-9908-5A1499047F77}.Debug|Any CPU.ActiveCfg = Debug|Any CPU
		{DF572611-A5AE-4B7E-9908-5A1499047F77}.Debug|Any CPU.Build.0 = Debug|Any CPU
		{DF572611-A5AE-4B7E-9908-5A1499047F77}.Release|Any CPU.ActiveCfg = Release|Any CPU
		{DF572611-A5AE-4B7E-9908-5A1499047F77}.Release|Any CPU.Build.0 = Release|Any CPU
	EndGlobalSection
	GlobalSection(SolutionProperties) = preSolution
		HideSolutionNode = FALSE
	EndGlobalSection
	GlobalSection(ExtensibilityGlobals) = postSolution
		SolutionGuid = {EFE4F21F-049D-4F1E-AF5A-503B9B5C9AE5}
	EndGlobalSection
EndGlobal
