
Microsoft Visual Studio Solution File, Format Version 12.00
# Visual Studio Version 17
VisualStudioVersion = 17.7.34202.233
MinimumVisualStudioVersion = 10.0.40219.1
Project("{FAE04EC0-301F-11D3-BF4B-00C04F79EFBC}") = "ConstructorInheritanceApp", "ConstructorInheritanceApp\ConstructorInheritanceApp.csproj", "{6FF98624-25EE-44A2-84F9-F4B23CFC5736}"
EndProject
Global
	GlobalSection(SolutionConfigurationPlatforms) = preSolution
		Debug|Any CPU = Debug|Any CPU
		Release|Any CPU = Release|Any CPU
	EndGlobalSection
	GlobalSection(ProjectConfigurationPlatforms) = postSolution
		{6FF98624-25EE-44A2-84F9-F4B23CFC5736}.Debug|Any CPU.ActiveCfg = Debug|Any CPU
		{6FF98624-25EE-44A2-84F9-F4B23CFC5736}.Debug|Any CPU.Build.0 = Debug|Any CPU
		{6FF98624-25EE-44A2-84F9-F4B23CFC5736}.Release|Any CPU.ActiveCfg = Release|Any CPU
		{6FF98624-25EE-44A2-84F9-F4B23CFC5736}.Release|Any CPU.Build.0 = Release|Any CPU
	EndGlobalSection
	GlobalSection(SolutionProperties) = preSolution
		HideSolutionNode = FALSE
	EndGlobalSection
	GlobalSection(ExtensibilityGlobals) = postSolution
		SolutionGuid = {D4F6CF74-2A41-4432-915B-B15B4FDE7A8D}
	EndGlobalSection
EndGlobal
