
Microsoft Visual Studio Solution File, Format Version 12.00
# Visual Studio Version 17
VisualStudioVersion = 17.7.34202.233
MinimumVisualStudioVersion = 10.0.40219.1
Project("{FAE04EC0-301F-11D3-BF4B-00C04F79EFBC}") = "CollectionApp", "CollectionApp\CollectionApp.csproj", "{EB708CCE-4ECD-4032-BA79-B344B013E7BD}"
EndProject
Global
	GlobalSection(SolutionConfigurationPlatforms) = preSolution
		Debug|Any CPU = Debug|Any CPU
		Release|Any CPU = Release|Any CPU
	EndGlobalSection
	GlobalSection(ProjectConfigurationPlatforms) = postSolution
		{EB708CCE-4ECD-4032-BA79-B344B013E7BD}.Debug|Any CPU.ActiveCfg = Debug|Any CPU
		{EB708CCE-4ECD-4032-BA79-B344B013E7BD}.Debug|Any CPU.Build.0 = Debug|Any CPU
		{EB708CCE-4ECD-4032-BA79-B344B013E7BD}.Release|Any CPU.ActiveCfg = Release|Any CPU
		{EB708CCE-4ECD-4032-BA79-B344B013E7BD}.Release|Any CPU.Build.0 = Release|Any CPU
	EndGlobalSection
	GlobalSection(SolutionProperties) = preSolution
		HideSolutionNode = FALSE
	EndGlobalSection
	GlobalSection(ExtensibilityGlobals) = postSolution
		SolutionGuid = {44F5229C-F3BF-4B4F-BDFA-89146E8443E5}
	EndGlobalSection
EndGlobal
