
Microsoft Visual Studio Solution File, Format Version 12.00
# Visual Studio Version 17
VisualStudioVersion = 17.7.34202.233
MinimumVisualStudioVersion = 10.0.40219.1
Project("{FAE04EC0-301F-11D3-BF4B-00C04F79EFBC}") = "WordDocumentInterOperability", "WordDocumentInterOperability\WordDocumentInterOperability.csproj", "{111E566C-BD20-4075-9B61-9D4B4490BFEF}"
EndProject
Global
	GlobalSection(SolutionConfigurationPlatforms) = preSolution
		Debug|Any CPU = Debug|Any CPU
		Release|Any CPU = Release|Any CPU
	EndGlobalSection
	GlobalSection(ProjectConfigurationPlatforms) = postSolution
		{111E566C-BD20-4075-9B61-9D4B4490BFEF}.Debug|Any CPU.ActiveCfg = Debug|Any CPU
		{111E566C-BD20-4075-9B61-9D4B4490BFEF}.Debug|Any CPU.Build.0 = Debug|Any CPU
		{111E566C-BD20-4075-9B61-9D4B4490BFEF}.Release|Any CPU.ActiveCfg = Release|Any CPU
		{111E566C-BD20-4075-9B61-9D4B4490BFEF}.Release|Any CPU.Build.0 = Release|Any CPU
	EndGlobalSection
	GlobalSection(SolutionProperties) = preSolution
		HideSolutionNode = FALSE
	EndGlobalSection
	GlobalSection(ExtensibilityGlobals) = postSolution
		SolutionGuid = {5FB6E5AE-12CF-45B1-902B-BCA97C6AE8A1}
	EndGlobalSection
EndGlobal
